
Microsoft Visual Studio Solution File, Format Version 12.00
# Visual Studio Version 16
VisualStudioVersion = 16.0.30503.244
MinimumVisualStudioVersion = 10.0.40219.1
Project("{FAE04EC0-301F-11D3-BF4B-00C04F79EFBC}") = "Intrepid", "Intrepid\Intrepid.csproj", "{2D2B0A2D-6E0A-48B7-99B1-5037A2ACFBFF}"
EndProject
Global
	GlobalSection(SolutionConfigurationPlatforms) = preSolution
		Debug|Any CPU = Debug|Any CPU
		Release|Any CPU = Release|Any CPU
	EndGlobalSection
	GlobalSection(ProjectConfigurationPlatforms) = postSolution
		{2D2B0A2D-6E0A-48B7-99B1-5037A2ACFBFF}.Debug|Any CPU.ActiveCfg = Debug|Any CPU
		{2D2B0A2D-6E0A-48B7-99B1-5037A2ACFBFF}.Debug|Any CPU.Build.0 = Debug|Any CPU
		{2D2B0A2D-6E0A-48B7-99B1-5037A2ACFBFF}.Release|Any CPU.ActiveCfg = Release|Any CPU
		{2D2B0A2D-6E0A-48B7-99B1-5037A2ACFBFF}.Release|Any CPU.Build.0 = Release|Any CPU
	EndGlobalSection
	GlobalSection(SolutionProperties) = preSolution
		HideSolutionNode = FALSE
	EndGlobalSection
	GlobalSection(ExtensibilityGlobals) = postSolution
		SolutionGuid = {A321CE6B-1D08-40CE-8EF4-6317338C4C12}
	EndGlobalSection
EndGlobal
